// !$*UTF8*$!
{
	archiveVersion = 1;
	classes = {
	};
	objectVersion = 50;
	objects = {

/* Begin PBXBuildFile section */
		1B0CC94221E59C5700385C74 /* AppDelegate.swift in Sources */ = {isa = PBXBuildFile; fileRef = 1B0CC94121E59C5700385C74 /* AppDelegate.swift */; };
		1B0CC94421E59C5700385C74 /* ViewController.swift in Sources */ = {isa = PBXBuildFile; fileRef = 1B0CC94321E59C5700385C74 /* ViewController.swift */; };
		1B0CC94721E59C5700385C74 /* Main.storyboard in Resources */ = {isa = PBXBuildFile; fileRef = 1B0CC94521E59C5700385C74 /* Main.storyboard */; };
		1B0CC94921E59C5900385C74 /* Assets.xcassets in Resources */ = {isa = PBXBuildFile; fileRef = 1B0CC94821E59C5900385C74 /* Assets.xcassets */; };
		1B0CC94C21E59C5900385C74 /* LaunchScreen.storyboard in Resources */ = {isa = PBXBuildFile; fileRef = 1B0CC94A21E59C5900385C74 /* LaunchScreen.storyboard */; };
		1B0CC95521E5A19000385C74 /* JLAuthorizationManager.swift in Sources */ = {isa = PBXBuildFile; fileRef = 1B0CC95421E5A19000385C74 /* JLAuthorizationManager.swift */; };
		1B0CC95721E6FD5B00385C74 /* BasePermission.swift in Sources */ = {isa = PBXBuildFile; fileRef = 1B0CC95621E6FD5B00385C74 /* BasePermission.swift */; };
		1B0CC95921E7148F00385C74 /* PermissionType.swift in Sources */ = {isa = PBXBuildFile; fileRef = 1B0CC95821E7148F00385C74 /* PermissionType.swift */; };
		1B0CC95B21E718DB00385C74 /* CameraPermission.swift in Sources */ = {isa = PBXBuildFile; fileRef = 1B0CC95A21E718DB00385C74 /* CameraPermission.swift */; };
		1B0CC95D21E71E0500385C74 /* PhotosPermission.swift in Sources */ = {isa = PBXBuildFile; fileRef = 1B0CC95C21E71E0500385C74 /* PhotosPermission.swift */; };
		1B0CC95F21E7204500385C74 /* MicrophonePermission.swift in Sources */ = {isa = PBXBuildFile; fileRef = 1B0CC95E21E7204500385C74 /* MicrophonePermission.swift */; };
		1B0CC96121E7215800385C74 /* AudioPermission.swift in Sources */ = {isa = PBXBuildFile; fileRef = 1B0CC96021E7215800385C74 /* AudioPermission.swift */; };
		1B0CC96421E725E500385C74 /* ContactPermission.swift in Sources */ = {isa = PBXBuildFile; fileRef = 1B0CC96321E725E500385C74 /* ContactPermission.swift */; };
		1B0CC96621E7289700385C74 /* EventsPermission.swift in Sources */ = {isa = PBXBuildFile; fileRef = 1B0CC96521E7289700385C74 /* EventsPermission.swift */; };
		1B0CC96821E7298500385C74 /* ReminderPermission.swift in Sources */ = {isa = PBXBuildFile; fileRef = 1B0CC96721E7298500385C74 /* ReminderPermission.swift */; };
		1B0CC96A21E72C2000385C74 /* LocationInUsePermission.swift in Sources */ = {isa = PBXBuildFile; fileRef = 1B0CC96921E72C2000385C74 /* LocationInUsePermission.swift */; };
		1B0CC96C21E72ED400385C74 /* Constants.swift in Sources */ = {isa = PBXBuildFile; fileRef = 1B0CC96B21E72ED400385C74 /* Constants.swift */; };
		1B0CC96E21E731A300385C74 /* LocationAlwaysPermission.swift in Sources */ = {isa = PBXBuildFile; fileRef = 1B0CC96D21E731A300385C74 /* LocationAlwaysPermission.swift */; };
		1B0CC97021E73CB600385C74 /* CellularNetworkPermission.swift in Sources */ = {isa = PBXBuildFile; fileRef = 1B0CC96F21E73CB600385C74 /* CellularNetworkPermission.swift */; };
		1B0CC97221E73FFC00385C74 /* AppleMusicPermission.swift in Sources */ = {isa = PBXBuildFile; fileRef = 1B0CC97121E73FFC00385C74 /* AppleMusicPermission.swift */; };
		1B0CC97421E7424F00385C74 /* SpeechRecognizerPermission.swift in Sources */ = {isa = PBXBuildFile; fileRef = 1B0CC97321E7424F00385C74 /* SpeechRecognizerPermission.swift */; };
		1B0CC97621E743E700385C74 /* SiriPermission.swift in Sources */ = {isa = PBXBuildFile; fileRef = 1B0CC97521E743E700385C74 /* SiriPermission.swift */; };
		1B0CC97821E74F1F00385C74 /* NotificationPermission.swift in Sources */ = {isa = PBXBuildFile; fileRef = 1B0CC97721E74F1E00385C74 /* NotificationPermission.swift */; };
		1B0CC97A21E7758F00385C74 /* BluetoothPermission.swift in Sources */ = {isa = PBXBuildFile; fileRef = 1B0CC97921E7758F00385C74 /* BluetoothPermission.swift */; };
		1B0CC97C21E7816100385C74 /* MotionPermission.swift in Sources */ = {isa = PBXBuildFile; fileRef = 1B0CC97B21E7816100385C74 /* MotionPermission.swift */; };
/* End PBXBuildFile section */

/* Begin PBXFileReference section */
		1B0CC93E21E59C5700385C74 /* JLAuthorizationManager-Swift.app */ = {isa = PBXFileReference; explicitFileType = wrapper.application; includeInIndex = 0; path = "JLAuthorizationManager-Swift.app"; sourceTree = BUILT_PRODUCTS_DIR; };
		1B0CC94121E59C5700385C74 /* AppDelegate.swift */ = {isa = PBXFileReference; lastKnownFileType = sourcecode.swift; path = AppDelegate.swift; sourceTree = "<group>"; };
		1B0CC94321E59C5700385C74 /* ViewController.swift */ = {isa = PBXFileReference; lastKnownFileType = sourcecode.swift; path = ViewController.swift; sourceTree = "<group>"; };
		1B0CC94621E59C5700385C74 /* Base */ = {isa = PBXFileReference; lastKnownFileType = file.storyboard; name = Base; path = Base.lproj/Main.storyboard; sourceTree = "<group>"; };
		1B0CC94821E59C5900385C74 /* Assets.xcassets */ = {isa = PBXFileReference; lastKnownFileType = folder.assetcatalog; path = Assets.xcassets; sourceTree = "<group>"; };
		1B0CC94B21E59C5900385C74 /* Base */ = {isa = PBXFileReference; lastKnownFileType = file.storyboard; name = Base; path = Base.lproj/LaunchScreen.storyboard; sourceTree = "<group>"; };
		1B0CC94D21E59C5900385C74 /* Info.plist */ = {isa = PBXFileReference; lastKnownFileType = text.plist.xml; path = Info.plist; sourceTree = "<group>"; };
		1B0CC95421E5A19000385C74 /* JLAuthorizationManager.swift */ = {isa = PBXFileReference; lastKnownFileType = sourcecode.swift; path = JLAuthorizationManager.swift; sourceTree = "<group>"; };
		1B0CC95621E6FD5B00385C74 /* BasePermission.swift */ = {isa = PBXFileReference; lastKnownFileType = sourcecode.swift; path = BasePermission.swift; sourceTree = "<group>"; };
		1B0CC95821E7148F00385C74 /* PermissionType.swift */ = {isa = PBXFileReference; lastKnownFileType = sourcecode.swift; path = PermissionType.swift; sourceTree = "<group>"; };
		1B0CC95A21E718DB00385C74 /* CameraPermission.swift */ = {isa = PBXFileReference; lastKnownFileType = sourcecode.swift; path = CameraPermission.swift; sourceTree = "<group>"; };
		1B0CC95C21E71E0500385C74 /* PhotosPermission.swift */ = {isa = PBXFileReference; lastKnownFileType = sourcecode.swift; path = PhotosPermission.swift; sourceTree = "<group>"; };
		1B0CC95E21E7204500385C74 /* MicrophonePermission.swift */ = {isa = PBXFileReference; lastKnownFileType = sourcecode.swift; path = MicrophonePermission.swift; sourceTree = "<group>"; };
		1B0CC96021E7215800385C74 /* AudioPermission.swift */ = {isa = PBXFileReference; lastKnownFileType = sourcecode.swift; path = AudioPermission.swift; sourceTree = "<group>"; };
		1B0CC96321E725E500385C74 /* ContactPermission.swift */ = {isa = PBXFileReference; lastKnownFileType = sourcecode.swift; path = ContactPermission.swift; sourceTree = "<group>"; };
		1B0CC96521E7289700385C74 /* EventsPermission.swift */ = {isa = PBXFileReference; lastKnownFileType = sourcecode.swift; path = EventsPermission.swift; sourceTree = "<group>"; };
		1B0CC96721E7298500385C74 /* ReminderPermission.swift */ = {isa = PBXFileReference; lastKnownFileType = sourcecode.swift; path = ReminderPermission.swift; sourceTree = "<group>"; };
		1B0CC96921E72C2000385C74 /* LocationInUsePermission.swift */ = {isa = PBXFileReference; lastKnownFileType = sourcecode.swift; path = LocationInUsePermission.swift; sourceTree = "<group>"; };
		1B0CC96B21E72ED400385C74 /* Constants.swift */ = {isa = PBXFileReference; lastKnownFileType = sourcecode.swift; path = Constants.swift; sourceTree = "<group>"; };
		1B0CC96D21E731A300385C74 /* LocationAlwaysPermission.swift */ = {isa = PBXFileReference; lastKnownFileType = sourcecode.swift; path = LocationAlwaysPermission.swift; sourceTree = "<group>"; };
		1B0CC96F21E73CB600385C74 /* CellularNetworkPermission.swift */ = {isa = PBXFileReference; lastKnownFileType = sourcecode.swift; path = CellularNetworkPermission.swift; sourceTree = "<group>"; };
		1B0CC97121E73FFC00385C74 /* AppleMusicPermission.swift */ = {isa = PBXFileReference; lastKnownFileType = sourcecode.swift; path = AppleMusicPermission.swift; sourceTree = "<group>"; };
		1B0CC97321E7424F00385C74 /* SpeechRecognizerPermission.swift */ = {isa = PBXFileReference; lastKnownFileType = sourcecode.swift; path = SpeechRecognizerPermission.swift; sourceTree = "<group>"; };
		1B0CC97521E743E700385C74 /* SiriPermission.swift */ = {isa = PBXFileReference; lastKnownFileType = sourcecode.swift; path = SiriPermission.swift; sourceTree = "<group>"; };
		1B0CC97721E74F1E00385C74 /* NotificationPermission.swift */ = {isa = PBXFileReference; lastKnownFileType = sourcecode.swift; path = NotificationPermission.swift; sourceTree = "<group>"; };
		1B0CC97921E7758F00385C74 /* BluetoothPermission.swift */ = {isa = PBXFileReference; lastKnownFileType = sourcecode.swift; path = BluetoothPermission.swift; sourceTree = "<group>"; };
		1B0CC97B21E7816100385C74 /* MotionPermission.swift */ = {isa = PBXFileReference; lastKnownFileType = sourcecode.swift; path = MotionPermission.swift; sourceTree = "<group>"; };
/* End PBXFileReference section */

/* Begin PBXFrameworksBuildPhase section */
		1B0CC93B21E59C5700385C74 /* Frameworks */ = {
			isa = PBXFrameworksBuildPhase;
			buildActionMask = 2147483647;
			files = (
			);
			runOnlyForDeploymentPostprocessing = 0;
		};
/* End PBXFrameworksBuildPhase section */

/* Begin PBXGroup section */
		1B0CC93521E59C5700385C74 = {
			isa = PBXGroup;
			children = (
				1B0CC94021E59C5700385C74 /* JLAuthorizationManager-Swift */,
				1B0CC93F21E59C5700385C74 /* Products */,
			);
			sourceTree = "<group>";
		};
		1B0CC93F21E59C5700385C74 /* Products */ = {
			isa = PBXGroup;
			children = (
				1B0CC93E21E59C5700385C74 /* JLAuthorizationManager-Swift.app */,
			);
			name = Products;
			sourceTree = "<group>";
		};
		1B0CC94021E59C5700385C74 /* JLAuthorizationManager-Swift */ = {
			isa = PBXGroup;
			children = (
				1B0CC95321E59FA300385C74 /* JLAuthorizationManager */,
				1B0CC94121E59C5700385C74 /* AppDelegate.swift */,
				1B0CC94321E59C5700385C74 /* ViewController.swift */,
				1B0CC94521E59C5700385C74 /* Main.storyboard */,
				1B0CC94821E59C5900385C74 /* Assets.xcassets */,
				1B0CC94A21E59C5900385C74 /* LaunchScreen.storyboard */,
				1B0CC94D21E59C5900385C74 /* Info.plist */,
			);
			path = "JLAuthorizationManager-Swift";
			sourceTree = "<group>";
		};
		1B0CC95321E59FA300385C74 /* JLAuthorizationManager */ = {
			isa = PBXGroup;
			children = (
				1B0CC96B21E72ED400385C74 /* Constants.swift */,
				1B0CC95421E5A19000385C74 /* JLAuthorizationManager.swift */,
				1B0CC95621E6FD5B00385C74 /* BasePermission.swift */,
				1B0CC95821E7148F00385C74 /* PermissionType.swift */,
				1B0CC96221E721A400385C74 /* Permissions */,
			);
			path = JLAuthorizationManager;
			sourceTree = "<group>";
		};
		1B0CC96221E721A400385C74 /* Permissions */ = {
			isa = PBXGroup;
			children = (
				1B0CC95A21E718DB00385C74 /* CameraPermission.swift */,
				1B0CC96021E7215800385C74 /* AudioPermission.swift */,
				1B0CC95C21E71E0500385C74 /* PhotosPermission.swift */,
				1B0CC95E21E7204500385C74 /* MicrophonePermission.swift */,
				1B0CC96321E725E500385C74 /* ContactPermission.swift */,
				1B0CC96521E7289700385C74 /* EventsPermission.swift */,
				1B0CC96721E7298500385C74 /* ReminderPermission.swift */,
				1B0CC96921E72C2000385C74 /* LocationInUsePermission.swift */,
				1B0CC96D21E731A300385C74 /* LocationAlwaysPermission.swift */,
				1B0CC96F21E73CB600385C74 /* CellularNetworkPermission.swift */,
				1B0CC97121E73FFC00385C74 /* AppleMusicPermission.swift */,
				1B0CC97321E7424F00385C74 /* SpeechRecognizerPermission.swift */,
				1B0CC97521E743E700385C74 /* SiriPermission.swift */,
				1B0CC97721E74F1E00385C74 /* NotificationPermission.swift */,
				1B0CC97921E7758F00385C74 /* BluetoothPermission.swift */,
				1B0CC97B21E7816100385C74 /* MotionPermission.swift */,
			);
			name = Permissions;
			sourceTree = "<group>";
		};
/* End PBXGroup section */

/* Begin PBXNativeTarget section */
		1B0CC93D21E59C5700385C74 /* JLAuthorizationManager-Swift */ = {
			isa = PBXNativeTarget;
			buildConfigurationList = 1B0CC95021E59C5900385C74 /* Build configuration list for PBXNativeTarget "JLAuthorizationManager-Swift" */;
			buildPhases = (
				1B0CC93A21E59C5700385C74 /* Sources */,
				1B0CC93B21E59C5700385C74 /* Frameworks */,
				1B0CC93C21E59C5700385C74 /* Resources */,
			);
			buildRules = (
			);
			dependencies = (
			);
			name = "JLAuthorizationManager-Swift";
			productName = "JLAuthorizationManager-Swift";
			productReference = 1B0CC93E21E59C5700385C74 /* JLAuthorizationManager-Swift.app */;
			productType = "com.apple.product-type.application";
		};
/* End PBXNativeTarget section */

/* Begin PBXProject section */
		1B0CC93621E59C5700385C74 /* Project object */ = {
			isa = PBXProject;
			attributes = {
				LastSwiftUpdateCheck = 1010;
				LastUpgradeCheck = 1010;
				ORGANIZATIONNAME = Jacklin;
				TargetAttributes = {
					1B0CC93D21E59C5700385C74 = {
						CreatedOnToolsVersion = 10.1;
					};
				};
			};
			buildConfigurationList = 1B0CC93921E59C5700385C74 /* Build configuration list for PBXProject "JLAuthorizationManager-Swift" */;
			compatibilityVersion = "Xcode 9.3";
			developmentRegion = en;
			hasScannedForEncodings = 0;
			knownRegions = (
				en,
				Base,
			);
			mainGroup = 1B0CC93521E59C5700385C74;
			productRefGroup = 1B0CC93F21E59C5700385C74 /* Products */;
			projectDirPath = "";
			projectRoot = "";
			targets = (
				1B0CC93D21E59C5700385C74 /* JLAuthorizationManager-Swift */,
			);
		};
/* End PBXProject section */

/* Begin PBXResourcesBuildPhase section */
		1B0CC93C21E59C5700385C74 /* Resources */ = {
			isa = PBXResourcesBuildPhase;
			buildActionMask = 2147483647;
			files = (
				1B0CC94C21E59C5900385C74 /* LaunchScreen.storyboard in Resources */,
				1B0CC94921E59C5900385C74 /* Assets.xcassets in Resources */,
				1B0CC94721E59C5700385C74 /* Main.storyboard in Resources */,
			);
			runOnlyForDeploymentPostprocessing = 0;
		};
/* End PBXResourcesBuildPhase section */

/* Begin PBXSourcesBuildPhase section */
		1B0CC93A21E59C5700385C74 /* Sources */ = {
			isa = PBXSourcesBuildPhase;
			buildActionMask = 2147483647;
			files = (
				1B0CC96621E7289700385C74 /* EventsPermission.swift in Sources */,
				1B0CC97021E73CB600385C74 /* CellularNetworkPermission.swift in Sources */,
				1B0CC96121E7215800385C74 /* AudioPermission.swift in Sources */,
				1B0CC96821E7298500385C74 /* ReminderPermission.swift in Sources */,
				1B0CC97421E7424F00385C74 /* SpeechRecognizerPermission.swift in Sources */,
				1B0CC96A21E72C2000385C74 /* LocationInUsePermission.swift in Sources */,
				1B0CC95521E5A19000385C74 /* JLAuthorizationManager.swift in Sources */,
				1B0CC97621E743E700385C74 /* SiriPermission.swift in Sources */,
				1B0CC97221E73FFC00385C74 /* AppleMusicPermission.swift in Sources */,
				1B0CC95B21E718DB00385C74 /* CameraPermission.swift in Sources */,
				1B0CC95F21E7204500385C74 /* MicrophonePermission.swift in Sources */,
				1B0CC97821E74F1F00385C74 /* NotificationPermission.swift in Sources */,
				1B0CC94421E59C5700385C74 /* ViewController.swift in Sources */,
				1B0CC94221E59C5700385C74 /* AppDelegate.swift in Sources */,
				1B0CC95D21E71E0500385C74 /* PhotosPermission.swift in Sources */,
				1B0CC95921E7148F00385C74 /* PermissionType.swift in Sources */,
				1B0CC96C21E72ED400385C74 /* Constants.swift in Sources */,
				1B0CC95721E6FD5B00385C74 /* BasePermission.swift in Sources */,
				1B0CC96E21E731A300385C74 /* LocationAlwaysPermission.swift in Sources */,
				1B0CC97A21E7758F00385C74 /* BluetoothPermission.swift in Sources */,
				1B0CC97C21E7816100385C74 /* MotionPermission.swift in Sources */,
				1B0CC96421E725E500385C74 /* ContactPermission.swift in Sources */,
			);
			runOnlyForDeploymentPostprocessing = 0;
		};
/* End PBXSourcesBuildPhase section */

/* Begin PBXVariantGroup section */
		1B0CC94521E59C5700385C74 /* Main.storyboard */ = {
			isa = PBXVariantGroup;
			children = (
				1B0CC94621E59C5700385C74 /* Base */,
			);
			name = Main.storyboard;
			sourceTree = "<group>";
		};
		1B0CC94A21E59C5900385C74 /* LaunchScreen.storyboard */ = {
			isa = PBXVariantGroup;
			children = (
				1B0CC94B21E59C5900385C74 /* Base */,
			);
			name = LaunchScreen.storyboard;
			sourceTree = "<group>";
		};
/* End PBXVariantGroup section */

/* Begin XCBuildConfiguration section */
		1B0CC94E21E59C5900385C74 /* Debug */ = {
			isa = XCBuildConfiguration;
			buildSettings = {
				ALWAYS_SEARCH_USER_PATHS = NO;
				CLANG_ANALYZER_NONNULL = YES;
				CLANG_ANALYZER_NUMBER_OBJECT_CONVERSION = YES_AGGRESSIVE;
				CLANG_CXX_LANGUAGE_STANDARD = "gnu++14";
				CLANG_CXX_LIBRARY = "libc++";
				CLANG_ENABLE_MODULES = YES;
				CLANG_ENABLE_OBJC_ARC = YES;
				CLANG_ENABLE_OBJC_WEAK = YES;
				CLANG_WARN_BLOCK_CAPTURE_AUTORELEASING = YES;
				CLANG_WARN_BOOL_CONVERSION = YES;
				CLANG_WARN_COMMA = YES;
				CLANG_WARN_CONSTANT_CONVERSION = YES;
				CLANG_WARN_DEPRECATED_OBJC_IMPLEMENTATIONS = YES;
				CLANG_WARN_DIRECT_OBJC_ISA_USAGE = YES_ERROR;
				CLANG_WARN_DOCUMENTATION_COMMENTS = YES;
				CLANG_WARN_EMPTY_BODY = YES;
				CLANG_WARN_ENUM_CONVERSION = YES;
				CLANG_WARN_INFINITE_RECURSION = YES;
				CLANG_WARN_INT_CONVERSION = YES;
				CLANG_WARN_NON_LITERAL_NULL_CONVERSION = YES;
				CLANG_WARN_OBJC_IMPLICIT_RETAIN_SELF = YES;
				CLANG_WARN_OBJC_LITERAL_CONVERSION = YES;
				CLANG_WARN_OBJC_ROOT_CLASS = YES_ERROR;
				CLANG_WARN_RANGE_LOOP_ANALYSIS = YES;
				CLANG_WARN_STRICT_PROTOTYPES = YES;
				CLANG_WARN_SUSPICIOUS_MOVE = YES;
				CLANG_WARN_UNGUARDED_AVAILABILITY = YES_AGGRESSIVE;
				CLANG_WARN_UNREACHABLE_CODE = YES;
				CLANG_WARN__DUPLICATE_METHOD_MATCH = YES;
				CODE_SIGN_IDENTITY = "iPhone Developer";
				COPY_PHASE_STRIP = NO;
				DEBUG_INFORMATION_FORMAT = dwarf;
				ENABLE_STRICT_OBJC_MSGSEND = YES;
				ENABLE_TESTABILITY = YES;
				GCC_C_LANGUAGE_STANDARD = gnu11;
				GCC_DYNAMIC_NO_PIC = NO;
				GCC_NO_COMMON_BLOCKS = YES;
				GCC_OPTIMIZATION_LEVEL = 0;
				GCC_PREPROCESSOR_DEFINITIONS = (
					"DEBUG=1",
					"$(inherited)",
				);
				GCC_WARN_64_TO_32_BIT_CONVERSION = YES;
				GCC_WARN_ABOUT_RETURN_TYPE = YES_ERROR;
				GCC_WARN_UNDECLARED_SELECTOR = YES;
				GCC_WARN_UNINITIALIZED_AUTOS = YES_AGGRESSIVE;
				GCC_WARN_UNUSED_FUNCTION = YES;
				GCC_WARN_UNUSED_VARIABLE = YES;
				IPHONEOS_DEPLOYMENT_TARGET = 12.1;
				MTL_ENABLE_DEBUG_INFO = INCLUDE_SOURCE;
				MTL_FAST_MATH = YES;
				ONLY_ACTIVE_ARCH = YES;
				SDKROOT = iphoneos;
				SWIFT_ACTIVE_COMPILATION_CONDITIONS = DEBUG;
				SWIFT_OPTIMIZATION_LEVEL = "-Onone";
			};
			name = Debug;
		};
		1B0CC94F21E59C5900385C74 /* Release */ = {
			isa = XCBuildConfiguration;
			buildSettings = {
				ALWAYS_SEARCH_USER_PATHS = NO;
				CLANG_ANALYZER_NONNULL = YES;
				CLANG_ANALYZER_NUMBER_OBJECT_CONVERSION = YES_AGGRESSIVE;
				CLANG_CXX_LANGUAGE_STANDARD = "gnu++14";
				CLANG_CXX_LIBRARY = "libc++";
				CLANG_ENABLE_MODULES = YES;
				CLANG_ENABLE_OBJC_ARC = YES;
				CLANG_ENABLE_OBJC_WEAK = YES;
				CLANG_WARN_BLOCK_CAPTURE_AUTORELEASING = YES;
				CLANG_WARN_BOOL_CONVERSION = YES;
				CLANG_WARN_COMMA = YES;
				CLANG_WARN_CONSTANT_CONVERSION = YES;
				CLANG_WARN_DEPRECATED_OBJC_IMPLEMENTATIONS = YES;
				CLANG_WARN_DIRECT_OBJC_ISA_USAGE = YES_ERROR;
				CLANG_WARN_DOCUMENTATION_COMMENTS = YES;
				CLANG_WARN_EMPTY_BODY = YES;
				CLANG_WARN_ENUM_CONVERSION = YES;
				CLANG_WARN_INFINITE_RECURSION = YES;
				CLANG_WARN_INT_CONVERSION = YES;
				CLANG_WARN_NON_LITERAL_NULL_CONVERSION = YES;
				CLANG_WARN_OBJC_IMPLICIT_RETAIN_SELF = YES;
				CLANG_WARN_OBJC_LITERAL_CONVERSION = YES;
				CLANG_WARN_OBJC_ROOT_CLASS = YES_ERROR;
				CLANG_WARN_RANGE_LOOP_ANALYSIS = YES;
				CLANG_WARN_STRICT_PROTOTYPES = YES;
				CLANG_WARN_SUSPICIOUS_MOVE = YES;
				CLANG_WARN_UNGUARDED_AVAILABILITY = YES_AGGRESSIVE;
				CLANG_WARN_UNREACHABLE_CODE = YES;
				CLANG_WARN__DUPLICATE_METHOD_MATCH = YES;
				CODE_SIGN_IDENTITY = "iPhone Developer";
				COPY_PHASE_STRIP = NO;
				DEBUG_INFORMATION_FORMAT = "dwarf-with-dsym";
				ENABLE_NS_ASSERTIONS = NO;
				ENABLE_STRICT_OBJC_MSGSEND = YES;
				GCC_C_LANGUAGE_STANDARD = gnu11;
				GCC_NO_COMMON_BLOCKS = YES;
				GCC_WARN_64_TO_32_BIT_CONVERSION = YES;
				GCC_WARN_ABOUT_RETURN_TYPE = YES_ERROR;
				GCC_WARN_UNDECLARED_SELECTOR = YES;
				GCC_WARN_UNINITIALIZED_AUTOS = YES_AGGRESSIVE;
				GCC_WARN_UNUSED_FUNCTION = YES;
				GCC_WARN_UNUSED_VARIABLE = YES;
				IPHONEOS_DEPLOYMENT_TARGET = 12.1;
				MTL_ENABLE_DEBUG_INFO = NO;
				MTL_FAST_MATH = YES;
				SDKROOT = iphoneos;
				SWIFT_COMPILATION_MODE = wholemodule;
				SWIFT_OPTIMIZATION_LEVEL = "-O";
				VALIDATE_PRODUCT = YES;
			};
			name = Release;
		};
		1B0CC95121E59C5900385C74 /* Debug */ = {
			isa = XCBuildConfiguration;
			buildSettings = {
				ASSETCATALOG_COMPILER_APPICON_NAME = AppIcon;
				CODE_SIGN_STYLE = Automatic;
				DEVELOPMENT_TEAM = R5AQ989QZD;
				INFOPLIST_FILE = "JLAuthorizationManager-Swift/Info.plist";
				LD_RUNPATH_SEARCH_PATHS = (
					"$(inherited)",
					"@executable_path/Frameworks",
				);
				PRODUCT_BUNDLE_IDENTIFIER = "Jacklin.JLAuthorizationManager-Swift";
				PRODUCT_NAME = "$(TARGET_NAME)";
				SWIFT_VERSION = 4.2;
				TARGETED_DEVICE_FAMILY = "1,2";
			};
			name = Debug;
		};
		1B0CC95221E59C5900385C74 /* Release */ = {
			isa = XCBuildConfiguration;
			buildSettings = {
				ASSETCATALOG_COMPILER_APPICON_NAME = AppIcon;
				CODE_SIGN_STYLE = Automatic;
				DEVELOPMENT_TEAM = R5AQ989QZD;
				INFOPLIST_FILE = "JLAuthorizationManager-Swift/Info.plist";
				LD_RUNPATH_SEARCH_PATHS = (
					"$(inherited)",
					"@executable_path/Frameworks",
				);
				PRODUCT_BUNDLE_IDENTIFIER = "Jacklin.JLAuthorizationManager-Swift";
				PRODUCT_NAME = "$(TARGET_NAME)";
				SWIFT_VERSION = 4.2;
				TARGETED_DEVICE_FAMILY = "1,2";
			};
			name = Release;
		};
/* End XCBuildConfiguration section */

/* Begin XCConfigurationList section */
		1B0CC93921E59C5700385C74 /* Build configuration list for PBXProject "JLAuthorizationManager-Swift" */ = {
			isa = XCConfigurationList;
			buildConfigurations = (
				1B0CC94E21E59C5900385C74 /* Debug */,
				1B0CC94F21E59C5900385C74 /* Release */,
			);
			defaultConfigurationIsVisible = 0;
			defaultConfigurationName = Release;
		};
		1B0CC95021E59C5900385C74 /* Build configuration list for PBXNativeTarget "JLAuthorizationManager-Swift" */ = {
			isa = XCConfigurationList;
			buildConfigurations = (
				1B0CC95121E59C5900385C74 /* Debug */,
				1B0CC95221E59C5900385C74 /* Release */,
			);
			defaultConfigurationIsVisible = 0;
			defaultConfigurationName = Release;
		};
/* End XCConfigurationList section */
	};
	rootObject = 1B0CC93621E59C5700385C74 /* Project object */;
}
