// !$*UTF8*$!
{
	archiveVersion = 1;
	classes = {
	};
	objectVersion = 50;
	objects = {

/* Begin PBXBuildFile section */
		1B0CC94221E59C5700385C74 /* AppDelegate.swift in Sources */ = {isa = PBXBuildFile; fileRef = 1B0CC94121E59C5700385C74 /* AppDelegate.swift */; };
		1B0CC94421E59C5700385C74 /* ViewController.swift in Sources */ = {isa = PBXBuildFile; fileRef = 1B0CC94321E59C5700385C74 /* ViewController.swift */; };
		1B0CC94721E59C5700385C74 /* Main.storyboard in Resources */ = {isa = PBXBuildFile; fileRef = 1B0CC94521E59C5700385C74 /* Main.storyboard */; };
		1B0CC94921E59C5900385C74 /* Assets.xcassets in Resources */ = {isa = PBXBuildFile; fileRef = 1B0CC94821E59C5900385C74 /* Assets.xcassets */; };
		1B0CC94C21E59C5900385C74 /* LaunchScreen.storyboard in Resources */ = {isa = PBXBuildFile; fileRef = 1B0CC94A21E59C5900385C74 /* LaunchScreen.storyboard */; };
		1B0CC9AD21E9CC5500385C74 /* HealthKit.framework in Frameworks */ = {isa = PBXBuildFile; fileRef = 1B0CC9AC21E9CC5500385C74 /* HealthKit.framework */; };
		1BB6AFF721EC907400C1577C /* PermissionType.swift in Sources */ = {isa = PBXBuildFile; fileRef = 1BB6AFF421EC907400C1577C /* PermissionType.swift */; };
		1BB6AFF821EC907400C1577C /* Constants.swift in Sources */ = {isa = PBXBuildFile; fileRef = 1BB6AFF521EC907400C1577C /* Constants.swift */; };
		1BB6AFF921EC907400C1577C /* BasePermission.swift in Sources */ = {isa = PBXBuildFile; fileRef = 1BB6AFF621EC907400C1577C /* BasePermission.swift */; };
		1BB6B02121EC963B00C1577C /* JLAuthorizationManager.swift in Sources */ = {isa = PBXBuildFile; fileRef = 1BB6B02021EC963A00C1577C /* JLAuthorizationManager.swift */; };
		1BB6B03421EC965800C1577C /* LocationAlwaysPermission.swift in Sources */ = {isa = PBXBuildFile; fileRef = 1BB6B02221EC965700C1577C /* LocationAlwaysPermission.swift */; };
		1BB6B03521EC965800C1577C /* MicrophonePermission.swift in Sources */ = {isa = PBXBuildFile; fileRef = 1BB6B02321EC965700C1577C /* MicrophonePermission.swift */; };
		1BB6B03621EC965800C1577C /* BluetoothPeripheralPermission.swift in Sources */ = {isa = PBXBuildFile; fileRef = 1BB6B02421EC965700C1577C /* BluetoothPeripheralPermission.swift */; };
		1BB6B03721EC965800C1577C /* EventsPermission.swift in Sources */ = {isa = PBXBuildFile; fileRef = 1BB6B02521EC965700C1577C /* EventsPermission.swift */; };
		1BB6B03821EC965800C1577C /* CellularNetworkPermission.swift in Sources */ = {isa = PBXBuildFile; fileRef = 1BB6B02621EC965800C1577C /* CellularNetworkPermission.swift */; };
		1BB6B03921EC965800C1577C /* CameraPermission.swift in Sources */ = {isa = PBXBuildFile; fileRef = 1BB6B02721EC965800C1577C /* CameraPermission.swift */; };
		1BB6B03A21EC965800C1577C /* HealthPermission.swift in Sources */ = {isa = PBXBuildFile; fileRef = 1BB6B02821EC965800C1577C /* HealthPermission.swift */; };
		1BB6B03B21EC965800C1577C /* ContactPermission.swift in Sources */ = {isa = PBXBuildFile; fileRef = 1BB6B02921EC965800C1577C /* ContactPermission.swift */; };
		1BB6B03C21EC965800C1577C /* AudioPermission.swift in Sources */ = {isa = PBXBuildFile; fileRef = 1BB6B02A21EC965800C1577C /* AudioPermission.swift */; };
		1BB6B03D21EC965800C1577C /* MotionPermission.swift in Sources */ = {isa = PBXBuildFile; fileRef = 1BB6B02B21EC965800C1577C /* MotionPermission.swift */; };
		1BB6B03E21EC965800C1577C /* BluetoothPermission.swift in Sources */ = {isa = PBXBuildFile; fileRef = 1BB6B02C21EC965800C1577C /* BluetoothPermission.swift */; };
		1BB6B03F21EC965800C1577C /* SiriPermission.swift in Sources */ = {isa = PBXBuildFile; fileRef = 1BB6B02D21EC965800C1577C /* SiriPermission.swift */; };
		1BB6B04021EC965800C1577C /* SpeechRecognizerPermission.swift in Sources */ = {isa = PBXBuildFile; fileRef = 1BB6B02E21EC965800C1577C /* SpeechRecognizerPermission.swift */; };
		1BB6B04121EC965800C1577C /* LocationInUsePermission.swift in Sources */ = {isa = PBXBuildFile; fileRef = 1BB6B02F21EC965800C1577C /* LocationInUsePermission.swift */; };
		1BB6B04221EC965800C1577C /* AppleMusicPermission.swift in Sources */ = {isa = PBXBuildFile; fileRef = 1BB6B03021EC965800C1577C /* AppleMusicPermission.swift */; };
		1BB6B04321EC965800C1577C /* PhotosPermission.swift in Sources */ = {isa = PBXBuildFile; fileRef = 1BB6B03121EC965800C1577C /* PhotosPermission.swift */; };
		1BB6B04421EC965800C1577C /* NotificationPermission.swift in Sources */ = {isa = PBXBuildFile; fileRef = 1BB6B03221EC965800C1577C /* NotificationPermission.swift */; };
		1BB6B04521EC965800C1577C /* ReminderPermission.swift in Sources */ = {isa = PBXBuildFile; fileRef = 1BB6B03321EC965800C1577C /* ReminderPermission.swift */; };
		1BB6B04721ED73D700C1577C /* AuthorizationManagerViewController.swift in Sources */ = {isa = PBXBuildFile; fileRef = 1BB6B04621ED73D700C1577C /* AuthorizationManagerViewController.swift */; };
		BCB03C373EF4527D6C0F0E2F /* Pods_JLAuthorizationManager_Swift.framework in Frameworks */ = {isa = PBXBuildFile; fileRef = 249C3F9E26697632D78BA13D /* Pods_JLAuthorizationManager_Swift.framework */; };
/* End PBXBuildFile section */

/* Begin PBXFileReference section */
		12149EDF38A4C8300D23AAB0 /* Pods-JLAuthorizationManager-Swift.release.xcconfig */ = {isa = PBXFileReference; includeInIndex = 1; lastKnownFileType = text.xcconfig; name = "Pods-JLAuthorizationManager-Swift.release.xcconfig"; path = "../Pods/Target Support Files/Pods-JLAuthorizationManager-Swift/Pods-JLAuthorizationManager-Swift.release.xcconfig"; sourceTree = "<group>"; };
		19BB3B693F59ACAE1DFBF541 /* Pods-JLAuthorizationManager-Swift.debug.xcconfig */ = {isa = PBXFileReference; includeInIndex = 1; lastKnownFileType = text.xcconfig; name = "Pods-JLAuthorizationManager-Swift.debug.xcconfig"; path = "../Pods/Target Support Files/Pods-JLAuthorizationManager-Swift/Pods-JLAuthorizationManager-Swift.debug.xcconfig"; sourceTree = "<group>"; };
		1B0CC93E21E59C5700385C74 /* JLAuthorizationManager-Swift.app */ = {isa = PBXFileReference; explicitFileType = wrapper.application; includeInIndex = 0; path = "JLAuthorizationManager-Swift.app"; sourceTree = BUILT_PRODUCTS_DIR; };
		1B0CC94121E59C5700385C74 /* AppDelegate.swift */ = {isa = PBXFileReference; lastKnownFileType = sourcecode.swift; path = AppDelegate.swift; sourceTree = "<group>"; };
		1B0CC94321E59C5700385C74 /* ViewController.swift */ = {isa = PBXFileReference; lastKnownFileType = sourcecode.swift; path = ViewController.swift; sourceTree = "<group>"; };
		1B0CC94621E59C5700385C74 /* Base */ = {isa = PBXFileReference; lastKnownFileType = file.storyboard; name = Base; path = Base.lproj/Main.storyboard; sourceTree = "<group>"; };
		1B0CC94821E59C5900385C74 /* Assets.xcassets */ = {isa = PBXFileReference; lastKnownFileType = folder.assetcatalog; path = Assets.xcassets; sourceTree = "<group>"; };
		1B0CC94B21E59C5900385C74 /* Base */ = {isa = PBXFileReference; lastKnownFileType = file.storyboard; name = Base; path = Base.lproj/LaunchScreen.storyboard; sourceTree = "<group>"; };
		1B0CC94D21E59C5900385C74 /* Info.plist */ = {isa = PBXFileReference; lastKnownFileType = text.plist.xml; path = Info.plist; sourceTree = "<group>"; };
		1B0CC9AB21E9C73F00385C74 /* JLAuthorizationManager-Swift.entitlements */ = {isa = PBXFileReference; lastKnownFileType = text.plist.entitlements; path = "JLAuthorizationManager-Swift.entitlements"; sourceTree = "<group>"; };
		1B0CC9AC21E9CC5500385C74 /* HealthKit.framework */ = {isa = PBXFileReference; lastKnownFileType = wrapper.framework; name = HealthKit.framework; path = System/Library/Frameworks/HealthKit.framework; sourceTree = SDKROOT; };
		1BB6AFF421EC907400C1577C /* PermissionType.swift */ = {isa = PBXFileReference; fileEncoding = 4; lastKnownFileType = sourcecode.swift; name = PermissionType.swift; path = ../../JLAuthorizationManagerSwift/Base/PermissionType.swift; sourceTree = "<group>"; };
		1BB6AFF521EC907400C1577C /* Constants.swift */ = {isa = PBXFileReference; fileEncoding = 4; lastKnownFileType = sourcecode.swift; name = Constants.swift; path = ../../JLAuthorizationManagerSwift/Base/Constants.swift; sourceTree = "<group>"; };
		1BB6AFF621EC907400C1577C /* BasePermission.swift */ = {isa = PBXFileReference; fileEncoding = 4; lastKnownFileType = sourcecode.swift; name = BasePermission.swift; path = ../../JLAuthorizationManagerSwift/Base/BasePermission.swift; sourceTree = "<group>"; };
		1BB6B02021EC963A00C1577C /* JLAuthorizationManager.swift */ = {isa = PBXFileReference; fileEncoding = 4; lastKnownFileType = sourcecode.swift; name = JLAuthorizationManager.swift; path = ../../JLAuthorizationManagerSwift/AuthorizationManager/JLAuthorizationManager.swift; sourceTree = "<group>"; };
		1BB6B02221EC965700C1577C /* LocationAlwaysPermission.swift */ = {isa = PBXFileReference; fileEncoding = 4; lastKnownFileType = sourcecode.swift; name = LocationAlwaysPermission.swift; path = ../../JLAuthorizationManagerSwift/Permissions/LocationAlwaysPermission.swift; sourceTree = "<group>"; };
		1BB6B02321EC965700C1577C /* MicrophonePermission.swift */ = {isa = PBXFileReference; fileEncoding = 4; lastKnownFileType = sourcecode.swift; name = MicrophonePermission.swift; path = ../../JLAuthorizationManagerSwift/Permissions/MicrophonePermission.swift; sourceTree = "<group>"; };
		1BB6B02421EC965700C1577C /* BluetoothPeripheralPermission.swift */ = {isa = PBXFileReference; fileEncoding = 4; lastKnownFileType = sourcecode.swift; name = BluetoothPeripheralPermission.swift; path = ../../JLAuthorizationManagerSwift/Permissions/BluetoothPeripheralPermission.swift; sourceTree = "<group>"; };
		1BB6B02521EC965700C1577C /* EventsPermission.swift */ = {isa = PBXFileReference; fileEncoding = 4; lastKnownFileType = sourcecode.swift; name = EventsPermission.swift; path = ../../JLAuthorizationManagerSwift/Permissions/EventsPermission.swift; sourceTree = "<group>"; };
		1BB6B02621EC965800C1577C /* CellularNetworkPermission.swift */ = {isa = PBXFileReference; fileEncoding = 4; lastKnownFileType = sourcecode.swift; name = CellularNetworkPermission.swift; path = ../../JLAuthorizationManagerSwift/Permissions/CellularNetworkPermission.swift; sourceTree = "<group>"; };
		1BB6B02721EC965800C1577C /* CameraPermission.swift */ = {isa = PBXFileReference; fileEncoding = 4; lastKnownFileType = sourcecode.swift; name = CameraPermission.swift; path = ../../JLAuthorizationManagerSwift/Permissions/CameraPermission.swift; sourceTree = "<group>"; };
		1BB6B02821EC965800C1577C /* HealthPermission.swift */ = {isa = PBXFileReference; fileEncoding = 4; lastKnownFileType = sourcecode.swift; name = HealthPermission.swift; path = ../../JLAuthorizationManagerSwift/Permissions/HealthPermission.swift; sourceTree = "<group>"; };
		1BB6B02921EC965800C1577C /* ContactPermission.swift */ = {isa = PBXFileReference; fileEncoding = 4; lastKnownFileType = sourcecode.swift; name = ContactPermission.swift; path = ../../JLAuthorizationManagerSwift/Permissions/ContactPermission.swift; sourceTree = "<group>"; };
		1BB6B02A21EC965800C1577C /* AudioPermission.swift */ = {isa = PBXFileReference; fileEncoding = 4; lastKnownFileType = sourcecode.swift; name = AudioPermission.swift; path = ../../JLAuthorizationManagerSwift/Permissions/AudioPermission.swift; sourceTree = "<group>"; };
		1BB6B02B21EC965800C1577C /* MotionPermission.swift */ = {isa = PBXFileReference; fileEncoding = 4; lastKnownFileType = sourcecode.swift; name = MotionPermission.swift; path = ../../JLAuthorizationManagerSwift/Permissions/MotionPermission.swift; sourceTree = "<group>"; };
		1BB6B02C21EC965800C1577C /* BluetoothPermission.swift */ = {isa = PBXFileReference; fileEncoding = 4; lastKnownFileType = sourcecode.swift; name = BluetoothPermission.swift; path = ../../JLAuthorizationManagerSwift/Permissions/BluetoothPermission.swift; sourceTree = "<group>"; };
		1BB6B02D21EC965800C1577C /* SiriPermission.swift */ = {isa = PBXFileReference; fileEncoding = 4; lastKnownFileType = sourcecode.swift; name = SiriPermission.swift; path = ../../JLAuthorizationManagerSwift/Permissions/SiriPermission.swift; sourceTree = "<group>"; };
		1BB6B02E21EC965800C1577C /* SpeechRecognizerPermission.swift */ = {isa = PBXFileReference; fileEncoding = 4; lastKnownFileType = sourcecode.swift; name = SpeechRecognizerPermission.swift; path = ../../JLAuthorizationManagerSwift/Permissions/SpeechRecognizerPermission.swift; sourceTree = "<group>"; };
		1BB6B02F21EC965800C1577C /* LocationInUsePermission.swift */ = {isa = PBXFileReference; fileEncoding = 4; lastKnownFileType = sourcecode.swift; name = LocationInUsePermission.swift; path = ../../JLAuthorizationManagerSwift/Permissions/LocationInUsePermission.swift; sourceTree = "<group>"; };
		1BB6B03021EC965800C1577C /* AppleMusicPermission.swift */ = {isa = PBXFileReference; fileEncoding = 4; lastKnownFileType = sourcecode.swift; name = AppleMusicPermission.swift; path = ../../JLAuthorizationManagerSwift/Permissions/AppleMusicPermission.swift; sourceTree = "<group>"; };
		1BB6B03121EC965800C1577C /* PhotosPermission.swift */ = {isa = PBXFileReference; fileEncoding = 4; lastKnownFileType = sourcecode.swift; name = PhotosPermission.swift; path = ../../JLAuthorizationManagerSwift/Permissions/PhotosPermission.swift; sourceTree = "<group>"; };
		1BB6B03221EC965800C1577C /* NotificationPermission.swift */ = {isa = PBXFileReference; fileEncoding = 4; lastKnownFileType = sourcecode.swift; name = NotificationPermission.swift; path = ../../JLAuthorizationManagerSwift/Permissions/NotificationPermission.swift; sourceTree = "<group>"; };
		1BB6B03321EC965800C1577C /* ReminderPermission.swift */ = {isa = PBXFileReference; fileEncoding = 4; lastKnownFileType = sourcecode.swift; name = ReminderPermission.swift; path = ../../JLAuthorizationManagerSwift/Permissions/ReminderPermission.swift; sourceTree = "<group>"; };
		1BB6B04621ED73D700C1577C /* AuthorizationManagerViewController.swift */ = {isa = PBXFileReference; lastKnownFileType = sourcecode.swift; path = AuthorizationManagerViewController.swift; sourceTree = "<group>"; };
		249C3F9E26697632D78BA13D /* Pods_JLAuthorizationManager_Swift.framework */ = {isa = PBXFileReference; explicitFileType = wrapper.framework; includeInIndex = 0; path = Pods_JLAuthorizationManager_Swift.framework; sourceTree = BUILT_PRODUCTS_DIR; };
/* End PBXFileReference section */

/* Begin PBXFrameworksBuildPhase section */
		1B0CC93B21E59C5700385C74 /* Frameworks */ = {
			isa = PBXFrameworksBuildPhase;
			buildActionMask = 2147483647;
			files = (
				BCB03C373EF4527D6C0F0E2F /* Pods_JLAuthorizationManager_Swift.framework in Frameworks */,
				1B0CC9AD21E9CC5500385C74 /* HealthKit.framework in Frameworks */,
			);
			runOnlyForDeploymentPostprocessing = 0;
		};
/* End PBXFrameworksBuildPhase section */

/* Begin PBXGroup section */
		1B0CC93521E59C5700385C74 = {
			isa = PBXGroup;
			children = (
				1B0CC94021E59C5700385C74 /* JLAuthorizationManager-Swift */,
				1B0CC93F21E59C5700385C74 /* Products */,
				B37DB7D60876A87C68D3E96F /* Pods */,
				443B2D6A690024F1C8A11AE3 /* Frameworks */,
			);
			sourceTree = "<group>";
		};
		1B0CC93F21E59C5700385C74 /* Products */ = {
			isa = PBXGroup;
			children = (
				1B0CC93E21E59C5700385C74 /* JLAuthorizationManager-Swift.app */,
			);
			name = Products;
			sourceTree = "<group>";
		};
		1B0CC94021E59C5700385C74 /* JLAuthorizationManager-Swift */ = {
			isa = PBXGroup;
			children = (
				1B0CC9AB21E9C73F00385C74 /* JLAuthorizationManager-Swift.entitlements */,
				1BB6AFF321EC905D00C1577C /* JLAuthorizationManager */,
				1B0CC94121E59C5700385C74 /* AppDelegate.swift */,
				1B0CC94321E59C5700385C74 /* ViewController.swift */,
				1BB6B04621ED73D700C1577C /* AuthorizationManagerViewController.swift */,
				1B0CC94521E59C5700385C74 /* Main.storyboard */,
				1B0CC94821E59C5900385C74 /* Assets.xcassets */,
				1B0CC94A21E59C5900385C74 /* LaunchScreen.storyboard */,
				1B0CC94D21E59C5900385C74 /* Info.plist */,
			);
			path = "JLAuthorizationManager-Swift";
			sourceTree = "<group>";
		};
		1BB6AFF321EC905D00C1577C /* JLAuthorizationManager */ = {
			isa = PBXGroup;
			children = (
				1BB6B02021EC963A00C1577C /* JLAuthorizationManager.swift */,
				1BB6AFF621EC907400C1577C /* BasePermission.swift */,
				1BB6AFF521EC907400C1577C /* Constants.swift */,
				1BB6AFF421EC907400C1577C /* PermissionType.swift */,
				1BB6B03021EC965800C1577C /* AppleMusicPermission.swift */,
				1BB6B02A21EC965800C1577C /* AudioPermission.swift */,
				1BB6B02421EC965700C1577C /* BluetoothPeripheralPermission.swift */,
				1BB6B02C21EC965800C1577C /* BluetoothPermission.swift */,
				1BB6B02721EC965800C1577C /* CameraPermission.swift */,
				1BB6B02621EC965800C1577C /* CellularNetworkPermission.swift */,
				1BB6B02921EC965800C1577C /* ContactPermission.swift */,
				1BB6B02521EC965700C1577C /* EventsPermission.swift */,
				1BB6B02821EC965800C1577C /* HealthPermission.swift */,
				1BB6B02221EC965700C1577C /* LocationAlwaysPermission.swift */,
				1BB6B02F21EC965800C1577C /* LocationInUsePermission.swift */,
				1BB6B02321EC965700C1577C /* MicrophonePermission.swift */,
				1BB6B02B21EC965800C1577C /* MotionPermission.swift */,
				1BB6B03221EC965800C1577C /* NotificationPermission.swift */,
				1BB6B03121EC965800C1577C /* PhotosPermission.swift */,
				1BB6B03321EC965800C1577C /* ReminderPermission.swift */,
				1BB6B02D21EC965800C1577C /* SiriPermission.swift */,
				1BB6B02E21EC965800C1577C /* SpeechRecognizerPermission.swift */,
			);
			name = JLAuthorizationManager;
			sourceTree = "<group>";
		};
		443B2D6A690024F1C8A11AE3 /* Frameworks */ = {
			isa = PBXGroup;
			children = (
				1B0CC9AC21E9CC5500385C74 /* HealthKit.framework */,
				249C3F9E26697632D78BA13D /* Pods_JLAuthorizationManager_Swift.framework */,
			);
			name = Frameworks;
			sourceTree = "<group>";
		};
		B37DB7D60876A87C68D3E96F /* Pods */ = {
			isa = PBXGroup;
			children = (
				19BB3B693F59ACAE1DFBF541 /* Pods-JLAuthorizationManager-Swift.debug.xcconfig */,
				12149EDF38A4C8300D23AAB0 /* Pods-JLAuthorizationManager-Swift.release.xcconfig */,
			);
			name = Pods;
			sourceTree = "<group>";
		};
/* End PBXGroup section */

/* Begin PBXNativeTarget section */
		1B0CC93D21E59C5700385C74 /* JLAuthorizationManager-Swift */ = {
			isa = PBXNativeTarget;
			buildConfigurationList = 1B0CC95021E59C5900385C74 /* Build configuration list for PBXNativeTarget "JLAuthorizationManager-Swift" */;
			buildPhases = (
				BF64008AADDCC770F70F3D9B /* [CP] Check Pods Manifest.lock */,
				1B0CC93A21E59C5700385C74 /* Sources */,
				1B0CC93B21E59C5700385C74 /* Frameworks */,
				1B0CC93C21E59C5700385C74 /* Resources */,
			);
			buildRules = (
			);
			dependencies = (
			);
			name = "JLAuthorizationManager-Swift";
			productName = "JLAuthorizationManager-Swift";
			productReference = 1B0CC93E21E59C5700385C74 /* JLAuthorizationManager-Swift.app */;
			productType = "com.apple.product-type.application";
		};
/* End PBXNativeTarget section */

/* Begin PBXProject section */
		1B0CC93621E59C5700385C74 /* Project object */ = {
			isa = PBXProject;
			attributes = {
				LastSwiftUpdateCheck = 1010;
				LastUpgradeCheck = 1010;
				ORGANIZATIONNAME = Jacklin;
				TargetAttributes = {
					1B0CC93D21E59C5700385C74 = {
						CreatedOnToolsVersion = 10.1;
						SystemCapabilities = {
							com.apple.HealthKit = {
								enabled = 1;
							};
							com.apple.Maps.iOS = {
								enabled = 0;
							};
							com.apple.Siri = {
								enabled = 1;
							};
						};
					};
				};
			};
			buildConfigurationList = 1B0CC93921E59C5700385C74 /* Build configuration list for PBXProject "JLAuthorizationManager-Swift" */;
			compatibilityVersion = "Xcode 9.3";
			developmentRegion = en;
			hasScannedForEncodings = 0;
			knownRegions = (
				en,
				Base,
			);
			mainGroup = 1B0CC93521E59C5700385C74;
			productRefGroup = 1B0CC93F21E59C5700385C74 /* Products */;
			projectDirPath = "";
			projectRoot = "";
			targets = (
				1B0CC93D21E59C5700385C74 /* JLAuthorizationManager-Swift */,
			);
		};
/* End PBXProject section */

/* Begin PBXResourcesBuildPhase section */
		1B0CC93C21E59C5700385C74 /* Resources */ = {
			isa = PBXResourcesBuildPhase;
			buildActionMask = 2147483647;
			files = (
				1B0CC94C21E59C5900385C74 /* LaunchScreen.storyboard in Resources */,
				1B0CC94921E59C5900385C74 /* Assets.xcassets in Resources */,
				1B0CC94721E59C5700385C74 /* Main.storyboard in Resources */,
			);
			runOnlyForDeploymentPostprocessing = 0;
		};
/* End PBXResourcesBuildPhase section */

/* Begin PBXShellScriptBuildPhase section */
		BF64008AADDCC770F70F3D9B /* [CP] Check Pods Manifest.lock */ = {
			isa = PBXShellScriptBuildPhase;
			buildActionMask = 2147483647;
			files = (
			);
			inputFileListPaths = (
			);
			inputPaths = (
				"${PODS_PODFILE_DIR_PATH}/Podfile.lock",
				"${PODS_ROOT}/Manifest.lock",
			);
			name = "[CP] Check Pods Manifest.lock";
			outputFileListPaths = (
			);
			outputPaths = (
				"$(DERIVED_FILE_DIR)/Pods-JLAuthorizationManager-Swift-checkManifestLockResult.txt",
			);
			runOnlyForDeploymentPostprocessing = 0;
			shellPath = /bin/sh;
			shellScript = "diff \"${PODS_PODFILE_DIR_PATH}/Podfile.lock\" \"${PODS_ROOT}/Manifest.lock\" > /dev/null\nif [ $? != 0 ] ; then\n    # print error to STDERR\n    echo \"error: The sandbox is not in sync with the Podfile.lock. Run 'pod install' or update your CocoaPods installation.\" >&2\n    exit 1\nfi\n# This output is used by Xcode 'outputs' to avoid re-running this script phase.\necho \"SUCCESS\" > \"${SCRIPT_OUTPUT_FILE_0}\"\n";
			showEnvVarsInLog = 0;
		};
/* End PBXShellScriptBuildPhase section */

/* Begin PBXSourcesBuildPhase section */
		1B0CC93A21E59C5700385C74 /* Sources */ = {
			isa = PBXSourcesBuildPhase;
			buildActionMask = 2147483647;
			files = (
				1BB6B03D21EC965800C1577C /* MotionPermission.swift in Sources */,
				1B0CC94421E59C5700385C74 /* ViewController.swift in Sources */,
				1BB6B04521EC965800C1577C /* ReminderPermission.swift in Sources */,
				1BB6AFF721EC907400C1577C /* PermissionType.swift in Sources */,
				1BB6B04321EC965800C1577C /* PhotosPermission.swift in Sources */,
				1BB6B03A21EC965800C1577C /* HealthPermission.swift in Sources */,
				1BB6B03821EC965800C1577C /* CellularNetworkPermission.swift in Sources */,
				1BB6B03521EC965800C1577C /* MicrophonePermission.swift in Sources */,
				1BB6B03621EC965800C1577C /* BluetoothPeripheralPermission.swift in Sources */,
				1BB6B04021EC965800C1577C /* SpeechRecognizerPermission.swift in Sources */,
				1BB6B04221EC965800C1577C /* AppleMusicPermission.swift in Sources */,
				1B0CC94221E59C5700385C74 /* AppDelegate.swift in Sources */,
				1BB6B03B21EC965800C1577C /* ContactPermission.swift in Sources */,
				1BB6B04121EC965800C1577C /* LocationInUsePermission.swift in Sources */,
				1BB6B04721ED73D700C1577C /* AuthorizationManagerViewController.swift in Sources */,
				1BB6B03421EC965800C1577C /* LocationAlwaysPermission.swift in Sources */,
				1BB6B03921EC965800C1577C /* CameraPermission.swift in Sources */,
				1BB6B02121EC963B00C1577C /* JLAuthorizationManager.swift in Sources */,
				1BB6B03E21EC965800C1577C /* BluetoothPermission.swift in Sources */,
				1BB6B03721EC965800C1577C /* EventsPermission.swift in Sources */,
				1BB6B03C21EC965800C1577C /* AudioPermission.swift in Sources */,
				1BB6B04421EC965800C1577C /* NotificationPermission.swift in Sources */,
				1BB6AFF921EC907400C1577C /* BasePermission.swift in Sources */,
				1BB6AFF821EC907400C1577C /* Constants.swift in Sources */,
				1BB6B03F21EC965800C1577C /* SiriPermission.swift in Sources */,
			);
			runOnlyForDeploymentPostprocessing = 0;
		};
/* End PBXSourcesBuildPhase section */

/* Begin PBXVariantGroup section */
		1B0CC94521E59C5700385C74 /* Main.storyboard */ = {
			isa = PBXVariantGroup;
			children = (
				1B0CC94621E59C5700385C74 /* Base */,
			);
			name = Main.storyboard;
			sourceTree = "<group>";
		};
		1B0CC94A21E59C5900385C74 /* LaunchScreen.storyboard */ = {
			isa = PBXVariantGroup;
			children = (
				1B0CC94B21E59C5900385C74 /* Base */,
			);
			name = LaunchScreen.storyboard;
			sourceTree = "<group>";
		};
/* End PBXVariantGroup section */

/* Begin XCBuildConfiguration section */
		1B0CC94E21E59C5900385C74 /* Debug */ = {
			isa = XCBuildConfiguration;
			buildSettings = {
				ALWAYS_SEARCH_USER_PATHS = NO;
				CLANG_ANALYZER_NONNULL = YES;
				CLANG_ANALYZER_NUMBER_OBJECT_CONVERSION = YES_AGGRESSIVE;
				CLANG_CXX_LANGUAGE_STANDARD = "gnu++14";
				CLANG_CXX_LIBRARY = "libc++";
				CLANG_ENABLE_MODULES = YES;
				CLANG_ENABLE_OBJC_ARC = YES;
				CLANG_ENABLE_OBJC_WEAK = YES;
				CLANG_WARN_BLOCK_CAPTURE_AUTORELEASING = YES;
				CLANG_WARN_BOOL_CONVERSION = YES;
				CLANG_WARN_COMMA = YES;
				CLANG_WARN_CONSTANT_CONVERSION = YES;
				CLANG_WARN_DEPRECATED_OBJC_IMPLEMENTATIONS = YES;
				CLANG_WARN_DIRECT_OBJC_ISA_USAGE = YES_ERROR;
				CLANG_WARN_DOCUMENTATION_COMMENTS = YES;
				CLANG_WARN_EMPTY_BODY = YES;
				CLANG_WARN_ENUM_CONVERSION = YES;
				CLANG_WARN_INFINITE_RECURSION = YES;
				CLANG_WARN_INT_CONVERSION = YES;
				CLANG_WARN_NON_LITERAL_NULL_CONVERSION = YES;
				CLANG_WARN_OBJC_IMPLICIT_RETAIN_SELF = YES;
				CLANG_WARN_OBJC_LITERAL_CONVERSION = YES;
				CLANG_WARN_OBJC_ROOT_CLASS = YES_ERROR;
				CLANG_WARN_RANGE_LOOP_ANALYSIS = YES;
				CLANG_WARN_STRICT_PROTOTYPES = YES;
				CLANG_WARN_SUSPICIOUS_MOVE = YES;
				CLANG_WARN_UNGUARDED_AVAILABILITY = YES_AGGRESSIVE;
				CLANG_WARN_UNREACHABLE_CODE = YES;
				CLANG_WARN__DUPLICATE_METHOD_MATCH = YES;
				CODE_SIGN_IDENTITY = "iPhone Developer";
				COPY_PHASE_STRIP = NO;
				DEBUG_INFORMATION_FORMAT = dwarf;
				ENABLE_STRICT_OBJC_MSGSEND = YES;
				ENABLE_TESTABILITY = YES;
				GCC_C_LANGUAGE_STANDARD = gnu11;
				GCC_DYNAMIC_NO_PIC = NO;
				GCC_NO_COMMON_BLOCKS = YES;
				GCC_OPTIMIZATION_LEVEL = 0;
				GCC_PREPROCESSOR_DEFINITIONS = (
					"DEBUG=1",
					"$(inherited)",
				);
				GCC_WARN_64_TO_32_BIT_CONVERSION = YES;
				GCC_WARN_ABOUT_RETURN_TYPE = YES_ERROR;
				GCC_WARN_UNDECLARED_SELECTOR = YES;
				GCC_WARN_UNINITIALIZED_AUTOS = YES_AGGRESSIVE;
				GCC_WARN_UNUSED_FUNCTION = YES;
				GCC_WARN_UNUSED_VARIABLE = YES;
				IPHONEOS_DEPLOYMENT_TARGET = 12.1;
				MTL_ENABLE_DEBUG_INFO = INCLUDE_SOURCE;
				MTL_FAST_MATH = YES;
				ONLY_ACTIVE_ARCH = YES;
				SDKROOT = iphoneos;
				SWIFT_ACTIVE_COMPILATION_CONDITIONS = DEBUG;
				SWIFT_OPTIMIZATION_LEVEL = "-Onone";
			};
			name = Debug;
		};
		1B0CC94F21E59C5900385C74 /* Release */ = {
			isa = XCBuildConfiguration;
			buildSettings = {
				ALWAYS_SEARCH_USER_PATHS = NO;
				CLANG_ANALYZER_NONNULL = YES;
				CLANG_ANALYZER_NUMBER_OBJECT_CONVERSION = YES_AGGRESSIVE;
				CLANG_CXX_LANGUAGE_STANDARD = "gnu++14";
				CLANG_CXX_LIBRARY = "libc++";
				CLANG_ENABLE_MODULES = YES;
				CLANG_ENABLE_OBJC_ARC = YES;
				CLANG_ENABLE_OBJC_WEAK = YES;
				CLANG_WARN_BLOCK_CAPTURE_AUTORELEASING = YES;
				CLANG_WARN_BOOL_CONVERSION = YES;
				CLANG_WARN_COMMA = YES;
				CLANG_WARN_CONSTANT_CONVERSION = YES;
				CLANG_WARN_DEPRECATED_OBJC_IMPLEMENTATIONS = YES;
				CLANG_WARN_DIRECT_OBJC_ISA_USAGE = YES_ERROR;
				CLANG_WARN_DOCUMENTATION_COMMENTS = YES;
				CLANG_WARN_EMPTY_BODY = YES;
				CLANG_WARN_ENUM_CONVERSION = YES;
				CLANG_WARN_INFINITE_RECURSION = YES;
				CLANG_WARN_INT_CONVERSION = YES;
				CLANG_WARN_NON_LITERAL_NULL_CONVERSION = YES;
				CLANG_WARN_OBJC_IMPLICIT_RETAIN_SELF = YES;
				CLANG_WARN_OBJC_LITERAL_CONVERSION = YES;
				CLANG_WARN_OBJC_ROOT_CLASS = YES_ERROR;
				CLANG_WARN_RANGE_LOOP_ANALYSIS = YES;
				CLANG_WARN_STRICT_PROTOTYPES = YES;
				CLANG_WARN_SUSPICIOUS_MOVE = YES;
				CLANG_WARN_UNGUARDED_AVAILABILITY = YES_AGGRESSIVE;
				CLANG_WARN_UNREACHABLE_CODE = YES;
				CLANG_WARN__DUPLICATE_METHOD_MATCH = YES;
				CODE_SIGN_IDENTITY = "iPhone Developer";
				COPY_PHASE_STRIP = NO;
				DEBUG_INFORMATION_FORMAT = "dwarf-with-dsym";
				ENABLE_NS_ASSERTIONS = NO;
				ENABLE_STRICT_OBJC_MSGSEND = YES;
				GCC_C_LANGUAGE_STANDARD = gnu11;
				GCC_NO_COMMON_BLOCKS = YES;
				GCC_WARN_64_TO_32_BIT_CONVERSION = YES;
				GCC_WARN_ABOUT_RETURN_TYPE = YES_ERROR;
				GCC_WARN_UNDECLARED_SELECTOR = YES;
				GCC_WARN_UNINITIALIZED_AUTOS = YES_AGGRESSIVE;
				GCC_WARN_UNUSED_FUNCTION = YES;
				GCC_WARN_UNUSED_VARIABLE = YES;
				IPHONEOS_DEPLOYMENT_TARGET = 12.1;
				MTL_ENABLE_DEBUG_INFO = NO;
				MTL_FAST_MATH = YES;
				SDKROOT = iphoneos;
				SWIFT_COMPILATION_MODE = wholemodule;
				SWIFT_OPTIMIZATION_LEVEL = "-O";
				VALIDATE_PRODUCT = YES;
			};
			name = Release;
		};
		1B0CC95121E59C5900385C74 /* Debug */ = {
			isa = XCBuildConfiguration;
			baseConfigurationReference = 19BB3B693F59ACAE1DFBF541 /* Pods-JLAuthorizationManager-Swift.debug.xcconfig */;
			buildSettings = {
				ASSETCATALOG_COMPILER_APPICON_NAME = AppIcon;
				CODE_SIGN_ENTITLEMENTS = "JLAuthorizationManager-Swift/JLAuthorizationManager-Swift.entitlements";
				CODE_SIGN_IDENTITY = "iPhone Developer";
				CODE_SIGN_STYLE = Automatic;
				DEVELOPMENT_TEAM = H9ZBM36KF6;
				INFOPLIST_FILE = "JLAuthorizationManager-Swift/Info.plist";
				IPHONEOS_DEPLOYMENT_TARGET = 10.0;
				LD_RUNPATH_SEARCH_PATHS = (
					"$(inherited)",
					"@executable_path/Frameworks",
				);
				PRODUCT_BUNDLE_IDENTIFIER = com.AuthorizationManager.swift;
				PRODUCT_NAME = "$(TARGET_NAME)";
				PROVISIONING_PROFILE_SPECIFIER = "";
				SWIFT_VERSION = 4.2;
				TARGETED_DEVICE_FAMILY = "1,2";
			};
			name = Debug;
		};
		1B0CC95221E59C5900385C74 /* Release */ = {
			isa = XCBuildConfiguration;
			baseConfigurationReference = 12149EDF38A4C8300D23AAB0 /* Pods-JLAuthorizationManager-Swift.release.xcconfig */;
			buildSettings = {
				ASSETCATALOG_COMPILER_APPICON_NAME = AppIcon;
				CODE_SIGN_ENTITLEMENTS = "JLAuthorizationManager-Swift/JLAuthorizationManager-Swift.entitlements";
				CODE_SIGN_IDENTITY = "iPhone Developer";
				CODE_SIGN_STYLE = Automatic;
				DEVELOPMENT_TEAM = H9ZBM36KF6;
				INFOPLIST_FILE = "JLAuthorizationManager-Swift/Info.plist";
				IPHONEOS_DEPLOYMENT_TARGET = 10.0;
				LD_RUNPATH_SEARCH_PATHS = (
					"$(inherited)",
					"@executable_path/Frameworks",
				);
				PRODUCT_BUNDLE_IDENTIFIER = com.AuthorizationManager.swift;
				PRODUCT_NAME = "$(TARGET_NAME)";
				PROVISIONING_PROFILE_SPECIFIER = "";
				SWIFT_VERSION = 4.2;
				TARGETED_DEVICE_FAMILY = "1,2";
			};
			name = Release;
		};
/* End XCBuildConfiguration section */

/* Begin XCConfigurationList section */
		1B0CC93921E59C5700385C74 /* Build configuration list for PBXProject "JLAuthorizationManager-Swift" */ = {
			isa = XCConfigurationList;
			buildConfigurations = (
				1B0CC94E21E59C5900385C74 /* Debug */,
				1B0CC94F21E59C5900385C74 /* Release */,
			);
			defaultConfigurationIsVisible = 0;
			defaultConfigurationName = Release;
		};
		1B0CC95021E59C5900385C74 /* Build configuration list for PBXNativeTarget "JLAuthorizationManager-Swift" */ = {
			isa = XCConfigurationList;
			buildConfigurations = (
				1B0CC95121E59C5900385C74 /* Debug */,
				1B0CC95221E59C5900385C74 /* Release */,
			);
			defaultConfigurationIsVisible = 0;
			defaultConfigurationName = Release;
		};
/* End XCConfigurationList section */
	};
	rootObject = 1B0CC93621E59C5700385C74 /* Project object */;
}
